// !$*UTF8*$!
{
	archiveVersion = 1;
	classes = {
	};
	objectVersion = 46;
	objects = {

/* Begin PBXBuildFile section */
		5B7D5ACA18F4869300A50B00 /* bird.atlas in Resources */ = {isa = PBXBuildFile; fileRef = 5B7D5AC618F4869300A50B00 /* bird.atlas */; };
		5B7D5ACB18F4869300A50B00 /* redWarrior.atlas in Resources */ = {isa = PBXBuildFile; fileRef = 5B7D5AC718F4869300A50B00 /* redWarrior.atlas */; };
		5B7D5ACC18F4869300A50B00 /* swordWarrior.atlas in Resources */ = {isa = PBXBuildFile; fileRef = 5B7D5AC818F4869300A50B00 /* swordWarrior.atlas */; };
		5B7D5ACD18F4869300A50B00 /* megaMan.atlas in Resources */ = {isa = PBXBuildFile; fileRef = 5B7D5AC918F4869300A50B00 /* megaMan.atlas */; };
		5B7D5ACF18F486DB00A50B00 /* Player.m in Sources */ = {isa = PBXBuildFile; fileRef = 5B7D5ACE18F486DB00A50B00 /* Player.m */; };
		5B7D5AD118F486F500A50B00 /* GameScene.m in Sources */ = {isa = PBXBuildFile; fileRef = 5B7D5AD018F486F500A50B00 /* GameScene.m */; };
		5B7D5AD318F488AA00A50B00 /* QuartzCore.framework in Frameworks */ = {isa = PBXBuildFile; fileRef = 5B7D5AD218F488AA00A50B00 /* QuartzCore.framework */; };
		5BF2C93018F5BADD0005C38C /* menuFundo.png in Resources */ = {isa = PBXBuildFile; fileRef = 5BF2C92F18F5BADD0005C38C /* menuFundo.png */; };
		5BF2C93718F5BAF10005C38C /* MenuSegue.m in Sources */ = {isa = PBXBuildFile; fileRef = 5BF2C93218F5BAF10005C38C /* MenuSegue.m */; };
		5BF2C93818F5BAF10005C38C /* MenuViewController.m in Sources */ = {isa = PBXBuildFile; fileRef = 5BF2C93418F5BAF10005C38C /* MenuViewController.m */; };
		5BF2C93918F5BAF10005C38C /* NavViewController.m in Sources */ = {isa = PBXBuildFile; fileRef = 5BF2C93618F5BAF10005C38C /* NavViewController.m */; };
		FFBEF04718F3304400006CFE /* Foundation.framework in Frameworks */ = {isa = PBXBuildFile; fileRef = FFBEF04618F3304400006CFE /* Foundation.framework */; };
		FFBEF04918F3304400006CFE /* CoreGraphics.framework in Frameworks */ = {isa = PBXBuildFile; fileRef = FFBEF04818F3304400006CFE /* CoreGraphics.framework */; };
		FFBEF04B18F3304400006CFE /* UIKit.framework in Frameworks */ = {isa = PBXBuildFile; fileRef = FFBEF04A18F3304400006CFE /* UIKit.framework */; };
		FFBEF04D18F3304400006CFE /* SpriteKit.framework in Frameworks */ = {isa = PBXBuildFile; fileRef = FFBEF04C18F3304400006CFE /* SpriteKit.framework */; };
		FFBEF05318F3304400006CFE /* InfoPlist.strings in Resources */ = {isa = PBXBuildFile; fileRef = FFBEF05118F3304400006CFE /* InfoPlist.strings */; };
		FFBEF05518F3304400006CFE /* main.m in Sources */ = {isa = PBXBuildFile; fileRef = FFBEF05418F3304400006CFE /* main.m */; };
		FFBEF05918F3304400006CFE /* AppDelegate.m in Sources */ = {isa = PBXBuildFile; fileRef = FFBEF05818F3304400006CFE /* AppDelegate.m */; };
		FFBEF05C18F3304400006CFE /* Main_iPhone.storyboard in Resources */ = {isa = PBXBuildFile; fileRef = FFBEF05A18F3304400006CFE /* Main_iPhone.storyboard */; };
		FFBEF05F18F3304400006CFE /* Main_iPad.storyboard in Resources */ = {isa = PBXBuildFile; fileRef = FFBEF05D18F3304400006CFE /* Main_iPad.storyboard */; };
		FFBEF06918F3304400006CFE /* Images.xcassets in Resources */ = {isa = PBXBuildFile; fileRef = FFBEF06818F3304400006CFE /* Images.xcassets */; };
		FFBEF07018F3304400006CFE /* XCTest.framework in Frameworks */ = {isa = PBXBuildFile; fileRef = FFBEF06F18F3304400006CFE /* XCTest.framework */; };
		FFBEF07118F3304400006CFE /* Foundation.framework in Frameworks */ = {isa = PBXBuildFile; fileRef = FFBEF04618F3304400006CFE /* Foundation.framework */; };
		FFBEF07218F3304400006CFE /* UIKit.framework in Frameworks */ = {isa = PBXBuildFile; fileRef = FFBEF04A18F3304400006CFE /* UIKit.framework */; };
		FFBEF07A18F3304400006CFE /* InfoPlist.strings in Resources */ = {isa = PBXBuildFile; fileRef = FFBEF07818F3304400006CFE /* InfoPlist.strings */; };
		FFBEF07C18F3304400006CFE /* VeneficiaTests.m in Sources */ = {isa = PBXBuildFile; fileRef = FFBEF07B18F3304400006CFE /* VeneficiaTests.m */; };
		FFBEF0AF18F3309A00006CFE /* blackButton.png in Resources */ = {isa = PBXBuildFile; fileRef = FFBEF08618F3309A00006CFE /* blackButton.png */; };
		FFBEF0B018F3309A00006CFE /* fireSymbol.png in Resources */ = {isa = PBXBuildFile; fileRef = FFBEF08718F3309A00006CFE /* fireSymbol.png */; };
		FFBEF0B118F3309A00006CFE /* glassButtonBlue.png in Resources */ = {isa = PBXBuildFile; fileRef = FFBEF08818F3309A00006CFE /* glassButtonBlue.png */; };
		FFBEF0B218F3309A00006CFE /* glassButtonGreen.png in Resources */ = {isa = PBXBuildFile; fileRef = FFBEF08918F3309A00006CFE /* glassButtonGreen.png */; };
		FFBEF0B318F3309A00006CFE /* isometric_grass_and_water.png in Resources */ = {isa = PBXBuildFile; fileRef = FFBEF08A18F3309A00006CFE /* isometric_grass_and_water.png */; };
		FFBEF0B418F3309A00006CFE /* joy_thumb.png in Resources */ = {isa = PBXBuildFile; fileRef = FFBEF08B18F3309A00006CFE /* joy_thumb.png */; };
		FFBEF0B518F3309A00006CFE /* joy_thumb@2x.png in Resources */ = {isa = PBXBuildFile; fileRef = FFBEF08C18F3309A00006CFE /* joy_thumb@2x.png */; };
		FFBEF0B618F3309A00006CFE /* spark.png in Resources */ = {isa = PBXBuildFile; fileRef = FFBEF08D18F3309A00006CFE /* spark.png */; };
		FFBEF0B718F3309A00006CFE /* stick_base.png in Resources */ = {isa = PBXBuildFile; fileRef = FFBEF08E18F3309A00006CFE /* stick_base.png */; };
		FFBEF0B818F3309A00006CFE /* stick_hold.png in Resources */ = {isa = PBXBuildFile; fileRef = FFBEF08F18F3309A00006CFE /* stick_hold.png */; };
		FFBEF0B918F3309A00006CFE /* earthSymbol.png in Resources */ = {isa = PBXBuildFile; fileRef = FFBEF09018F3309A00006CFE /* earthSymbol.png */; };
		FFBEF0BA18F3309A00006CFE /* map.bmp in Resources */ = {isa = PBXBuildFile; fileRef = FFBEF09118F3309A00006CFE /* map.bmp */; };
		FFBEF0BB18F3309A00006CFE /* trees.png in Resources */ = {isa = PBXBuildFile; fileRef = FFBEF09218F3309A00006CFE /* trees.png */; };
		FFBEF0BC18F3309A00006CFE /* waterSymbol.png in Resources */ = {isa = PBXBuildFile; fileRef = FFBEF09318F3309A00006CFE /* waterSymbol.png */; };
		FFBEF0BD18F3309A00006CFE /* Attack.m in Sources */ = {isa = PBXBuildFile; fileRef = FFBEF09518F3309A00006CFE /* Attack.m */; };
		FFBEF0BE18F3309A00006CFE /* Character.m in Sources */ = {isa = PBXBuildFile; fileRef = FFBEF09718F3309A00006CFE /* Character.m */; };
		FFBEF0BF18F3309A00006CFE /* FusionPower.m in Sources */ = {isa = PBXBuildFile; fileRef = FFBEF09918F3309A00006CFE /* FusionPower.m */; };
		FFBEF0C118F3309A00006CFE /* Joystick.m in Sources */ = {isa = PBXBuildFile; fileRef = FFBEF09D18F3309A00006CFE /* Joystick.m */; };
		FFBEF0C218F3309A00006CFE /* JSTileMap.m in Sources */ = {isa = PBXBuildFile; fileRef = FFBEF09F18F3309A00006CFE /* JSTileMap.m */; };
		FFBEF0C318F3309A00006CFE /* LFCGzipUtility.m in Sources */ = {isa = PBXBuildFile; fileRef = FFBEF0A118F3309A00006CFE /* LFCGzipUtility.m */; };
		FFBEF0C418F3309A00006CFE /* MagicPower.m in Sources */ = {isa = PBXBuildFile; fileRef = FFBEF0A318F3309A00006CFE /* MagicPower.m */; };
		FFBEF0C718F3309A00006CFE /* ViewController.m in Sources */ = {isa = PBXBuildFile; fileRef = FFBEF0A918F3309A00006CFE /* ViewController.m */; };
		FFBEF0C818F3309A00006CFE /* FireRay.sks in Resources */ = {isa = PBXBuildFile; fileRef = FFBEF0AA18F3309A00006CFE /* FireRay.sks */; };
		FFBEF0C918F3309A00006CFE /* isometric_grass_and_water.tmx in Resources */ = {isa = PBXBuildFile; fileRef = FFBEF0AB18F3309A00006CFE /* isometric_grass_and_water.tmx */; };
		FFBEF0CA18F3309A00006CFE /* map.tmx in Resources */ = {isa = PBXBuildFile; fileRef = FFBEF0AC18F3309A00006CFE /* map.tmx */; };
		FFBEF0CB18F3309A00006CFE /* Water.sks in Resources */ = {isa = PBXBuildFile; fileRef = FFBEF0AD18F3309A00006CFE /* Water.sks */; };
		FFBEF0CD18F330FC00006CFE /* libz.dylib in Frameworks */ = {isa = PBXBuildFile; fileRef = FFBEF0CC18F330FC00006CFE /* libz.dylib */; };
/* End PBXBuildFile section */

/* Begin PBXContainerItemProxy section */
		FFBEF07318F3304400006CFE /* PBXContainerItemProxy */ = {
			isa = PBXContainerItemProxy;
			containerPortal = FFBEF03B18F3304400006CFE /* Project object */;
			proxyType = 1;
			remoteGlobalIDString = FFBEF04218F3304400006CFE;
			remoteInfo = Veneficia;
		};
/* End PBXContainerItemProxy section */

/* Begin PBXFileReference section */
		5B7D5AC618F4869300A50B00 /* bird.atlas */ = {isa = PBXFileReference; lastKnownFileType = folder.skatlas; path = bird.atlas; sourceTree = "<group>"; };
		5B7D5AC718F4869300A50B00 /* redWarrior.atlas */ = {isa = PBXFileReference; lastKnownFileType = folder.skatlas; path = redWarrior.atlas; sourceTree = "<group>"; };
		5B7D5AC818F4869300A50B00 /* swordWarrior.atlas */ = {isa = PBXFileReference; lastKnownFileType = folder.skatlas; path = swordWarrior.atlas; sourceTree = "<group>"; };
		5B7D5AC918F4869300A50B00 /* megaMan.atlas */ = {isa = PBXFileReference; lastKnownFileType = folder.skatlas; path = megaMan.atlas; sourceTree = "<group>"; };
		5B7D5ACE18F486DB00A50B00 /* Player.m */ = {isa = PBXFileReference; fileEncoding = 4; lastKnownFileType = sourcecode.c.objc; path = Player.m; sourceTree = "<group>"; };
		5B7D5AD018F486F500A50B00 /* GameScene.m */ = {isa = PBXFileReference; fileEncoding = 4; lastKnownFileType = sourcecode.c.objc; path = GameScene.m; sourceTree = "<group>"; };
		5B7D5AD218F488AA00A50B00 /* QuartzCore.framework */ = {isa = PBXFileReference; lastKnownFileType = wrapper.framework; name = QuartzCore.framework; path = System/Library/Frameworks/QuartzCore.framework; sourceTree = SDKROOT; };
		5BF2C92F18F5BADD0005C38C /* menuFundo.png */ = {isa = PBXFileReference; lastKnownFileType = image.png; path = menuFundo.png; sourceTree = "<group>"; };
		5BF2C93118F5BAF10005C38C /* MenuSegue.h */ = {isa = PBXFileReference; fileEncoding = 4; lastKnownFileType = sourcecode.c.h; path = MenuSegue.h; sourceTree = "<group>"; };
		5BF2C93218F5BAF10005C38C /* MenuSegue.m */ = {isa = PBXFileReference; fileEncoding = 4; lastKnownFileType = sourcecode.c.objc; path = MenuSegue.m; sourceTree = "<group>"; };
		5BF2C93318F5BAF10005C38C /* MenuViewController.h */ = {isa = PBXFileReference; fileEncoding = 4; lastKnownFileType = sourcecode.c.h; path = MenuViewController.h; sourceTree = "<group>"; };
		5BF2C93418F5BAF10005C38C /* MenuViewController.m */ = {isa = PBXFileReference; fileEncoding = 4; lastKnownFileType = sourcecode.c.objc; path = MenuViewController.m; sourceTree = "<group>"; };
		5BF2C93518F5BAF10005C38C /* NavViewController.h */ = {isa = PBXFileReference; fileEncoding = 4; lastKnownFileType = sourcecode.c.h; path = NavViewController.h; sourceTree = "<group>"; };
		5BF2C93618F5BAF10005C38C /* NavViewController.m */ = {isa = PBXFileReference; fileEncoding = 4; lastKnownFileType = sourcecode.c.objc; path = NavViewController.m; sourceTree = "<group>"; };
		FFBEF04318F3304400006CFE /* Veneficia.app */ = {isa = PBXFileReference; explicitFileType = wrapper.application; includeInIndex = 0; path = Veneficia.app; sourceTree = BUILT_PRODUCTS_DIR; };
		FFBEF04618F3304400006CFE /* Foundation.framework */ = {isa = PBXFileReference; lastKnownFileType = wrapper.framework; name = Foundation.framework; path = System/Library/Frameworks/Foundation.framework; sourceTree = SDKROOT; };
		FFBEF04818F3304400006CFE /* CoreGraphics.framework */ = {isa = PBXFileReference; lastKnownFileType = wrapper.framework; name = CoreGraphics.framework; path = System/Library/Frameworks/CoreGraphics.framework; sourceTree = SDKROOT; };
		FFBEF04A18F3304400006CFE /* UIKit.framework */ = {isa = PBXFileReference; lastKnownFileType = wrapper.framework; name = UIKit.framework; path = System/Library/Frameworks/UIKit.framework; sourceTree = SDKROOT; };
		FFBEF04C18F3304400006CFE /* SpriteKit.framework */ = {isa = PBXFileReference; lastKnownFileType = wrapper.framework; name = SpriteKit.framework; path = System/Library/Frameworks/SpriteKit.framework; sourceTree = SDKROOT; };
		FFBEF05018F3304400006CFE /* Veneficia-Info.plist */ = {isa = PBXFileReference; lastKnownFileType = text.plist.xml; path = "Veneficia-Info.plist"; sourceTree = "<group>"; };
		FFBEF05218F3304400006CFE /* en */ = {isa = PBXFileReference; lastKnownFileType = text.plist.strings; name = en; path = en.lproj/InfoPlist.strings; sourceTree = "<group>"; };
		FFBEF05418F3304400006CFE /* main.m */ = {isa = PBXFileReference; lastKnownFileType = sourcecode.c.objc; path = main.m; sourceTree = "<group>"; };
		FFBEF05618F3304400006CFE /* Veneficia-Prefix.pch */ = {isa = PBXFileReference; lastKnownFileType = sourcecode.c.h; path = "Veneficia-Prefix.pch"; sourceTree = "<group>"; };
		FFBEF05718F3304400006CFE /* AppDelegate.h */ = {isa = PBXFileReference; lastKnownFileType = sourcecode.c.h; path = AppDelegate.h; sourceTree = "<group>"; };
		FFBEF05818F3304400006CFE /* AppDelegate.m */ = {isa = PBXFileReference; lastKnownFileType = sourcecode.c.objc; path = AppDelegate.m; sourceTree = "<group>"; };
		FFBEF05B18F3304400006CFE /* Base */ = {isa = PBXFileReference; lastKnownFileType = file.storyboard; name = Base; path = Base.lproj/Main_iPhone.storyboard; sourceTree = "<group>"; };
		FFBEF05E18F3304400006CFE /* Base */ = {isa = PBXFileReference; lastKnownFileType = file.storyboard; name = Base; path = Base.lproj/Main_iPad.storyboard; sourceTree = "<group>"; };
		FFBEF06818F3304400006CFE /* Images.xcassets */ = {isa = PBXFileReference; lastKnownFileType = folder.assetcatalog; path = Images.xcassets; sourceTree = "<group>"; };
		FFBEF06E18F3304400006CFE /* VeneficiaTests.xctest */ = {isa = PBXFileReference; explicitFileType = wrapper.cfbundle; includeInIndex = 0; path = VeneficiaTests.xctest; sourceTree = BUILT_PRODUCTS_DIR; };
		FFBEF06F18F3304400006CFE /* XCTest.framework */ = {isa = PBXFileReference; lastKnownFileType = wrapper.framework; name = XCTest.framework; path = Library/Frameworks/XCTest.framework; sourceTree = DEVELOPER_DIR; };
		FFBEF07718F3304400006CFE /* VeneficiaTests-Info.plist */ = {isa = PBXFileReference; lastKnownFileType = text.plist.xml; path = "VeneficiaTests-Info.plist"; sourceTree = "<group>"; };
		FFBEF07918F3304400006CFE /* en */ = {isa = PBXFileReference; lastKnownFileType = text.plist.strings; name = en; path = en.lproj/InfoPlist.strings; sourceTree = "<group>"; };
		FFBEF07B18F3304400006CFE /* VeneficiaTests.m */ = {isa = PBXFileReference; lastKnownFileType = sourcecode.c.objc; path = VeneficiaTests.m; sourceTree = "<group>"; };
		FFBEF08618F3309A00006CFE /* blackButton.png */ = {isa = PBXFileReference; lastKnownFileType = image.png; path = blackButton.png; sourceTree = "<group>"; };
		FFBEF08718F3309A00006CFE /* fireSymbol.png */ = {isa = PBXFileReference; lastKnownFileType = image.png; path = fireSymbol.png; sourceTree = "<group>"; };
		FFBEF08818F3309A00006CFE /* glassButtonBlue.png */ = {isa = PBXFileReference; lastKnownFileType = image.png; path = glassButtonBlue.png; sourceTree = "<group>"; };
		FFBEF08918F3309A00006CFE /* glassButtonGreen.png */ = {isa = PBXFileReference; lastKnownFileType = image.png; path = glassButtonGreen.png; sourceTree = "<group>"; };
		FFBEF08A18F3309A00006CFE /* isometric_grass_and_water.png */ = {isa = PBXFileReference; lastKnownFileType = image.png; path = isometric_grass_and_water.png; sourceTree = "<group>"; };
		FFBEF08B18F3309A00006CFE /* joy_thumb.png */ = {isa = PBXFileReference; lastKnownFileType = image.png; path = joy_thumb.png; sourceTree = "<group>"; };
		FFBEF08C18F3309A00006CFE /* joy_thumb@2x.png */ = {isa = PBXFileReference; lastKnownFileType = image.png; path = "joy_thumb@2x.png"; sourceTree = "<group>"; };
		FFBEF08D18F3309A00006CFE /* spark.png */ = {isa = PBXFileReference; lastKnownFileType = image.png; path = spark.png; sourceTree = "<group>"; };
		FFBEF08E18F3309A00006CFE /* stick_base.png */ = {isa = PBXFileReference; lastKnownFileType = image.png; path = stick_base.png; sourceTree = "<group>"; };
		FFBEF08F18F3309A00006CFE /* stick_hold.png */ = {isa = PBXFileReference; lastKnownFileType = image.png; path = stick_hold.png; sourceTree = "<group>"; };
		FFBEF09018F3309A00006CFE /* earthSymbol.png */ = {isa = PBXFileReference; lastKnownFileType = image.png; path = earthSymbol.png; sourceTree = "<group>"; };
		FFBEF09118F3309A00006CFE /* map.bmp */ = {isa = PBXFileReference; lastKnownFileType = image.bmp; path = map.bmp; sourceTree = "<group>"; };
		FFBEF09218F3309A00006CFE /* trees.png */ = {isa = PBXFileReference; lastKnownFileType = image.png; path = trees.png; sourceTree = "<group>"; };
		FFBEF09318F3309A00006CFE /* waterSymbol.png */ = {isa = PBXFileReference; lastKnownFileType = image.png; path = waterSymbol.png; sourceTree = "<group>"; };
		FFBEF09418F3309A00006CFE /* Attack.h */ = {isa = PBXFileReference; fileEncoding = 4; lastKnownFileType = sourcecode.c.h; path = Attack.h; sourceTree = "<group>"; };
		FFBEF09518F3309A00006CFE /* Attack.m */ = {isa = PBXFileReference; fileEncoding = 4; lastKnownFileType = sourcecode.c.objc; path = Attack.m; sourceTree = "<group>"; };
		FFBEF09618F3309A00006CFE /* Character.h */ = {isa = PBXFileReference; fileEncoding = 4; lastKnownFileType = sourcecode.c.h; path = Character.h; sourceTree = "<group>"; };
		FFBEF09718F3309A00006CFE /* Character.m */ = {isa = PBXFileReference; fileEncoding = 4; lastKnownFileType = sourcecode.c.objc; path = Character.m; sourceTree = "<group>"; };
		FFBEF09818F3309A00006CFE /* FusionPower.h */ = {isa = PBXFileReference; fileEncoding = 4; lastKnownFileType = sourcecode.c.h; path = FusionPower.h; sourceTree = "<group>"; };
		FFBEF09918F3309A00006CFE /* FusionPower.m */ = {isa = PBXFileReference; fileEncoding = 4; lastKnownFileType = sourcecode.c.objc; path = FusionPower.m; sourceTree = "<group>"; };
		FFBEF09A18F3309A00006CFE /* GameScene.h */ = {isa = PBXFileReference; fileEncoding = 4; lastKnownFileType = sourcecode.c.h; path = GameScene.h; sourceTree = "<group>"; };
		FFBEF09C18F3309A00006CFE /* Joystick.h */ = {isa = PBXFileReference; fileEncoding = 4; lastKnownFileType = sourcecode.c.h; path = Joystick.h; sourceTree = "<group>"; };
		FFBEF09D18F3309A00006CFE /* Joystick.m */ = {isa = PBXFileReference; fileEncoding = 4; lastKnownFileType = sourcecode.c.objc; path = Joystick.m; sourceTree = "<group>"; };
		FFBEF09E18F3309A00006CFE /* JSTileMap.h */ = {isa = PBXFileReference; fileEncoding = 4; lastKnownFileType = sourcecode.c.h; path = JSTileMap.h; sourceTree = "<group>"; };
		FFBEF09F18F3309A00006CFE /* JSTileMap.m */ = {isa = PBXFileReference; fileEncoding = 4; lastKnownFileType = sourcecode.c.objc; path = JSTileMap.m; sourceTree = "<group>"; };
		FFBEF0A018F3309A00006CFE /* LFCGzipUtility.h */ = {isa = PBXFileReference; fileEncoding = 4; lastKnownFileType = sourcecode.c.h; path = LFCGzipUtility.h; sourceTree = "<group>"; };
		FFBEF0A118F3309A00006CFE /* LFCGzipUtility.m */ = {isa = PBXFileReference; fileEncoding = 4; lastKnownFileType = sourcecode.c.objc; path = LFCGzipUtility.m; sourceTree = "<group>"; };
		FFBEF0A218F3309A00006CFE /* MagicPower.h */ = {isa = PBXFileReference; fileEncoding = 4; lastKnownFileType = sourcecode.c.h; path = MagicPower.h; sourceTree = "<group>"; };
		FFBEF0A318F3309A00006CFE /* MagicPower.m */ = {isa = PBXFileReference; fileEncoding = 4; lastKnownFileType = sourcecode.c.objc; path = MagicPower.m; sourceTree = "<group>"; };
		FFBEF0A418F3309A00006CFE /* Player.h */ = {isa = PBXFileReference; fileEncoding = 4; lastKnownFileType = sourcecode.c.h; path = Player.h; sourceTree = "<group>"; };
		FFBEF0A818F3309A00006CFE /* ViewController.h */ = {isa = PBXFileReference; fileEncoding = 4; lastKnownFileType = sourcecode.c.h; path = ViewController.h; sourceTree = "<group>"; };
		FFBEF0A918F3309A00006CFE /* ViewController.m */ = {isa = PBXFileReference; fileEncoding = 4; lastKnownFileType = sourcecode.c.objc; path = ViewController.m; sourceTree = "<group>"; };
		FFBEF0AA18F3309A00006CFE /* FireRay.sks */ = {isa = PBXFileReference; lastKnownFileType = file.sks; path = FireRay.sks; sourceTree = "<group>"; };
		FFBEF0AB18F3309A00006CFE /* isometric_grass_and_water.tmx */ = {isa = PBXFileReference; fileEncoding = 4; lastKnownFileType = text.xml; path = isometric_grass_and_water.tmx; sourceTree = "<group>"; };
		FFBEF0AC18F3309A00006CFE /* map.tmx */ = {isa = PBXFileReference; fileEncoding = 4; lastKnownFileType = text.xml; path = map.tmx; sourceTree = "<group>"; };
		FFBEF0AD18F3309A00006CFE /* Water.sks */ = {isa = PBXFileReference; lastKnownFileType = file.sks; path = Water.sks; sourceTree = "<group>"; };
		FFBEF0CC18F330FC00006CFE /* libz.dylib */ = {isa = PBXFileReference; lastKnownFileType = "compiled.mach-o.dylib"; name = libz.dylib; path = usr/lib/libz.dylib; sourceTree = SDKROOT; };
/* End PBXFileReference section */

/* Begin PBXFrameworksBuildPhase section */
		FFBEF04018F3304400006CFE /* Frameworks */ = {
			isa = PBXFrameworksBuildPhase;
			buildActionMask = 2147483647;
			files = (
				5B7D5AD318F488AA00A50B00 /* QuartzCore.framework in Frameworks */,
				FFBEF0CD18F330FC00006CFE /* libz.dylib in Frameworks */,
				FFBEF04918F3304400006CFE /* CoreGraphics.framework in Frameworks */,
				FFBEF04B18F3304400006CFE /* UIKit.framework in Frameworks */,
				FFBEF04D18F3304400006CFE /* SpriteKit.framework in Frameworks */,
				FFBEF04718F3304400006CFE /* Foundation.framework in Frameworks */,
			);
			runOnlyForDeploymentPostprocessing = 0;
		};
		FFBEF06B18F3304400006CFE /* Frameworks */ = {
			isa = PBXFrameworksBuildPhase;
			buildActionMask = 2147483647;
			files = (
				FFBEF07018F3304400006CFE /* XCTest.framework in Frameworks */,
				FFBEF07218F3304400006CFE /* UIKit.framework in Frameworks */,
				FFBEF07118F3304400006CFE /* Foundation.framework in Frameworks */,
			);
			runOnlyForDeploymentPostprocessing = 0;
		};
/* End PBXFrameworksBuildPhase section */

/* Begin PBXGroup section */
		35A3ABC718F46D2400E159C8 /* Menu */ = {
			isa = PBXGroup;
			children = (
			);
			name = Menu;
			sourceTree = "<group>";
		};
		FFBEF03A18F3304400006CFE = {
			isa = PBXGroup;
			children = (
				FFBEF04E18F3304400006CFE /* Veneficia */,
				FFBEF07518F3304400006CFE /* VeneficiaTests */,
				FFBEF04518F3304400006CFE /* Frameworks */,
				FFBEF04418F3304400006CFE /* Products */,
			);
			sourceTree = "<group>";
		};
		FFBEF04418F3304400006CFE /* Products */ = {
			isa = PBXGroup;
			children = (
				FFBEF04318F3304400006CFE /* Veneficia.app */,
				FFBEF06E18F3304400006CFE /* VeneficiaTests.xctest */,
			);
			name = Products;
			sourceTree = "<group>";
		};
		FFBEF04518F3304400006CFE /* Frameworks */ = {
			isa = PBXGroup;
			children = (
				5B7D5AD218F488AA00A50B00 /* QuartzCore.framework */,
				FFBEF0CC18F330FC00006CFE /* libz.dylib */,
				FFBEF04618F3304400006CFE /* Foundation.framework */,
				FFBEF04818F3304400006CFE /* CoreGraphics.framework */,
				FFBEF04A18F3304400006CFE /* UIKit.framework */,
				FFBEF04C18F3304400006CFE /* SpriteKit.framework */,
				FFBEF06F18F3304400006CFE /* XCTest.framework */,
			);
			name = Frameworks;
			sourceTree = "<group>";
		};
		FFBEF04E18F3304400006CFE /* Veneficia */ = {
			isa = PBXGroup;
			children = (
				FFBEF09618F3309A00006CFE /* Character.h */,
				FFBEF09718F3309A00006CFE /* Character.m */,
				FFBEF0A418F3309A00006CFE /* Player.h */,
				5B7D5ACE18F486DB00A50B00 /* Player.m */,
				FFBEF0A218F3309A00006CFE /* MagicPower.h */,
				FFBEF0A318F3309A00006CFE /* MagicPower.m */,
				FFBEF09818F3309A00006CFE /* FusionPower.h */,
				FFBEF09918F3309A00006CFE /* FusionPower.m */,
				FFBEF09418F3309A00006CFE /* Attack.h */,
				FFBEF09518F3309A00006CFE /* Attack.m */,
				35A3ABC718F46D2400E159C8 /* Menu */,
				FFBEF0CF18F4613500006CFE /* Spells */,
				FFBEF0D018F461B100006CFE /* Controllers */,
				FFBEF0D118F461CA00006CFE /* Scenes */,
				FFBEF0CE18F3323C00006CFE /* Tile Map */,
				FFBEF0D218F461EE00006CFE /* Images */,
				FFBEF05A18F3304400006CFE /* Main_iPhone.storyboard */,
				FFBEF05D18F3304400006CFE /* Main_iPad.storyboard */,
				5BF2C93118F5BAF10005C38C /* MenuSegue.h */,
				5BF2C93218F5BAF10005C38C /* MenuSegue.m */,
				5BF2C93318F5BAF10005C38C /* MenuViewController.h */,
				5BF2C93418F5BAF10005C38C /* MenuViewController.m */,
				5BF2C93518F5BAF10005C38C /* NavViewController.h */,
				5BF2C93618F5BAF10005C38C /* NavViewController.m */,
				5BF2C92F18F5BADD0005C38C /* menuFundo.png */,
				FFBEF05718F3304400006CFE /* AppDelegate.h */,
				FFBEF05818F3304400006CFE /* AppDelegate.m */,
				FFBEF0A818F3309A00006CFE /* ViewController.h */,
				FFBEF0A918F3309A00006CFE /* ViewController.m */,
				FFBEF06818F3304400006CFE /* Images.xcassets */,
				FFBEF04F18F3304400006CFE /* Supporting Files */,
			);
			path = Veneficia;
			sourceTree = "<group>";
		};
		FFBEF04F18F3304400006CFE /* Supporting Files */ = {
			isa = PBXGroup;
			children = (
				FFBEF05018F3304400006CFE /* Veneficia-Info.plist */,
				FFBEF05118F3304400006CFE /* InfoPlist.strings */,
				FFBEF05418F3304400006CFE /* main.m */,
				FFBEF05618F3304400006CFE /* Veneficia-Prefix.pch */,
			);
			name = "Supporting Files";
			sourceTree = "<group>";
		};
		FFBEF07518F3304400006CFE /* VeneficiaTests */ = {
			isa = PBXGroup;
			children = (
				FFBEF07B18F3304400006CFE /* VeneficiaTests.m */,
				FFBEF07618F3304400006CFE /* Supporting Files */,
			);
			path = VeneficiaTests;
			sourceTree = "<group>";
		};
		FFBEF07618F3304400006CFE /* Supporting Files */ = {
			isa = PBXGroup;
			children = (
				FFBEF07718F3304400006CFE /* VeneficiaTests-Info.plist */,
				FFBEF07818F3304400006CFE /* InfoPlist.strings */,
			);
			name = "Supporting Files";
			sourceTree = "<group>";
		};
		FFBEF0CE18F3323C00006CFE /* Tile Map */ = {
			isa = PBXGroup;
			children = (
				FFBEF09E18F3309A00006CFE /* JSTileMap.h */,
				FFBEF09F18F3309A00006CFE /* JSTileMap.m */,
				FFBEF0A018F3309A00006CFE /* LFCGzipUtility.h */,
				FFBEF0A118F3309A00006CFE /* LFCGzipUtility.m */,
				FFBEF0AC18F3309A00006CFE /* map.tmx */,
				FFBEF09218F3309A00006CFE /* trees.png */,
				FFBEF09118F3309A00006CFE /* map.bmp */,
				FFBEF08A18F3309A00006CFE /* isometric_grass_and_water.png */,
				FFBEF0AB18F3309A00006CFE /* isometric_grass_and_water.tmx */,
			);
			name = "Tile Map";
			sourceTree = "<group>";
		};
		FFBEF0CF18F4613500006CFE /* Spells */ = {
			isa = PBXGroup;
			children = (
				FFBEF0AA18F3309A00006CFE /* FireRay.sks */,
				FFBEF0AD18F3309A00006CFE /* Water.sks */,
				FFBEF08D18F3309A00006CFE /* spark.png */,
			);
			name = Spells;
			sourceTree = "<group>";
		};
		FFBEF0D018F461B100006CFE /* Controllers */ = {
			isa = PBXGroup;
			children = (
				FFBEF09C18F3309A00006CFE /* Joystick.h */,
				FFBEF09D18F3309A00006CFE /* Joystick.m */,
				FFBEF08B18F3309A00006CFE /* joy_thumb.png */,
				FFBEF08C18F3309A00006CFE /* joy_thumb@2x.png */,
				FFBEF08E18F3309A00006CFE /* stick_base.png */,
				FFBEF08F18F3309A00006CFE /* stick_hold.png */,
			);
			name = Controllers;
			sourceTree = "<group>";
		};
		FFBEF0D118F461CA00006CFE /* Scenes */ = {
			isa = PBXGroup;
			children = (
				FFBEF09A18F3309A00006CFE /* GameScene.h */,
				5B7D5AD018F486F500A50B00 /* GameScene.m */,
			);
			name = Scenes;
			sourceTree = "<group>";
		};
		FFBEF0D218F461EE00006CFE /* Images */ = {
			isa = PBXGroup;
			children = (
				5B7D5AC618F4869300A50B00 /* bird.atlas */,
				5B7D5AC718F4869300A50B00 /* redWarrior.atlas */,
				5B7D5AC818F4869300A50B00 /* swordWarrior.atlas */,
				5B7D5AC918F4869300A50B00 /* megaMan.atlas */,
				FFBEF08618F3309A00006CFE /* blackButton.png */,
				FFBEF08818F3309A00006CFE /* glassButtonBlue.png */,
				FFBEF08918F3309A00006CFE /* glassButtonGreen.png */,
				FFBEF08718F3309A00006CFE /* fireSymbol.png */,
				FFBEF09018F3309A00006CFE /* earthSymbol.png */,
				FFBEF09318F3309A00006CFE /* waterSymbol.png */,
			);
			name = Images;
			sourceTree = "<group>";
		};
/* End PBXGroup section */

/* Begin PBXNativeTarget section */
		FFBEF04218F3304400006CFE /* Veneficia */ = {
			isa = PBXNativeTarget;
			buildConfigurationList = FFBEF07F18F3304400006CFE /* Build configuration list for PBXNativeTarget "Veneficia" */;
			buildPhases = (
				FFBEF03F18F3304400006CFE /* Sources */,
				FFBEF04018F3304400006CFE /* Frameworks */,
				FFBEF04118F3304400006CFE /* Resources */,
			);
			buildRules = (
			);
			dependencies = (
			);
			name = Veneficia;
			productName = Veneficia;
			productReference = FFBEF04318F3304400006CFE /* Veneficia.app */;
			productType = "com.apple.product-type.application";
		};
		FFBEF06D18F3304400006CFE /* VeneficiaTests */ = {
			isa = PBXNativeTarget;
			buildConfigurationList = FFBEF08218F3304400006CFE /* Build configuration list for PBXNativeTarget "VeneficiaTests" */;
			buildPhases = (
				FFBEF06A18F3304400006CFE /* Sources */,
				FFBEF06B18F3304400006CFE /* Frameworks */,
				FFBEF06C18F3304400006CFE /* Resources */,
			);
			buildRules = (
			);
			dependencies = (
				FFBEF07418F3304400006CFE /* PBXTargetDependency */,
			);
			name = VeneficiaTests;
			productName = VeneficiaTests;
			productReference = FFBEF06E18F3304400006CFE /* VeneficiaTests.xctest */;
			productType = "com.apple.product-type.bundle.unit-test";
		};
/* End PBXNativeTarget section */

/* Begin PBXProject section */
		FFBEF03B18F3304400006CFE /* Project object */ = {
			isa = PBXProject;
			attributes = {
				LastUpgradeCheck = 0510;
				ORGANIZATIONNAME = Veneficia;
				TargetAttributes = {
					FFBEF06D18F3304400006CFE = {
						TestTargetID = FFBEF04218F3304400006CFE;
					};
				};
			};
			buildConfigurationList = FFBEF03E18F3304400006CFE /* Build configuration list for PBXProject "Veneficia" */;
			compatibilityVersion = "Xcode 3.2";
			developmentRegion = English;
			hasScannedForEncodings = 0;
			knownRegions = (
				en,
				Base,
			);
			mainGroup = FFBEF03A18F3304400006CFE;
			productRefGroup = FFBEF04418F3304400006CFE /* Products */;
			projectDirPath = "";
			projectRoot = "";
			targets = (
				FFBEF04218F3304400006CFE /* Veneficia */,
				FFBEF06D18F3304400006CFE /* VeneficiaTests */,
			);
		};
/* End PBXProject section */

/* Begin PBXResourcesBuildPhase section */
		FFBEF04118F3304400006CFE /* Resources */ = {
			isa = PBXResourcesBuildPhase;
			buildActionMask = 2147483647;
			files = (
				FFBEF0B218F3309A00006CFE /* glassButtonGreen.png in Resources */,
				FFBEF0B118F3309A00006CFE /* glassButtonBlue.png in Resources */,
				FFBEF0CB18F3309A00006CFE /* Water.sks in Resources */,
				5B7D5ACC18F4869300A50B00 /* swordWarrior.atlas in Resources */,
				5B7D5ACD18F4869300A50B00 /* megaMan.atlas in Resources */,
				FFBEF0BB18F3309A00006CFE /* trees.png in Resources */,
				FFBEF0B618F3309A00006CFE /* spark.png in Resources */,
				FFBEF0B818F3309A00006CFE /* stick_hold.png in Resources */,
				FFBEF0AF18F3309A00006CFE /* blackButton.png in Resources */,
				FFBEF0B418F3309A00006CFE /* joy_thumb.png in Resources */,
				FFBEF06918F3304400006CFE /* Images.xcassets in Resources */,
				FFBEF05F18F3304400006CFE /* Main_iPad.storyboard in Resources */,
				FFBEF0B318F3309A00006CFE /* isometric_grass_and_water.png in Resources */,
				FFBEF0CA18F3309A00006CFE /* map.tmx in Resources */,
				5B7D5ACB18F4869300A50B00 /* redWarrior.atlas in Resources */,
				FFBEF0B018F3309A00006CFE /* fireSymbol.png in Resources */,
				FFBEF0B718F3309A00006CFE /* stick_base.png in Resources */,
				FFBEF05C18F3304400006CFE /* Main_iPhone.storyboard in Resources */,
				FFBEF0BC18F3309A00006CFE /* waterSymbol.png in Resources */,
				FFBEF0C818F3309A00006CFE /* FireRay.sks in Resources */,
				FFBEF0B918F3309A00006CFE /* earthSymbol.png in Resources */,
				FFBEF0C918F3309A00006CFE /* isometric_grass_and_water.tmx in Resources */,
				FFBEF05318F3304400006CFE /* InfoPlist.strings in Resources */,
				FFBEF0B518F3309A00006CFE /* joy_thumb@2x.png in Resources */,
				5B7D5ACA18F4869300A50B00 /* bird.atlas in Resources */,
				5BF2C93018F5BADD0005C38C /* menuFundo.png in Resources */,
				FFBEF0BA18F3309A00006CFE /* map.bmp in Resources */,
			);
			runOnlyForDeploymentPostprocessing = 0;
		};
		FFBEF06C18F3304400006CFE /* Resources */ = {
			isa = PBXResourcesBuildPhase;
			buildActionMask = 2147483647;
			files = (
				FFBEF07A18F3304400006CFE /* InfoPlist.strings in Resources */,
			);
			runOnlyForDeploymentPostprocessing = 0;
		};
/* End PBXResourcesBuildPhase section */

/* Begin PBXSourcesBuildPhase section */
		FFBEF03F18F3304400006CFE /* Sources */ = {
			isa = PBXSourcesBuildPhase;
			buildActionMask = 2147483647;
			files = (
				FFBEF0C218F3309A00006CFE /* JSTileMap.m in Sources */,
				FFBEF0BD18F3309A00006CFE /* Attack.m in Sources */,
				5BF2C93718F5BAF10005C38C /* MenuSegue.m in Sources */,
				FFBEF0C318F3309A00006CFE /* LFCGzipUtility.m in Sources */,
				5BF2C93918F5BAF10005C38C /* NavViewController.m in Sources */,
				FFBEF05918F3304400006CFE /* AppDelegate.m in Sources */,
				5B7D5ACF18F486DB00A50B00 /* Player.m in Sources */,
				FFBEF0BF18F3309A00006CFE /* FusionPower.m in Sources */,
				FFBEF0C718F3309A00006CFE /* ViewController.m in Sources */,
				FFBEF05518F3304400006CFE /* main.m in Sources */,
				FFBEF0C418F3309A00006CFE /* MagicPower.m in Sources */,
				FFBEF0C118F3309A00006CFE /* Joystick.m in Sources */,
				5BF2C93818F5BAF10005C38C /* MenuViewController.m in Sources */,
				5B7D5AD118F486F500A50B00 /* GameScene.m in Sources */,
				FFBEF0BE18F3309A00006CFE /* Character.m in Sources */,
			);
			runOnlyForDeploymentPostprocessing = 0;
		};
		FFBEF06A18F3304400006CFE /* Sources */ = {
			isa = PBXSourcesBuildPhase;
			buildActionMask = 2147483647;
			files = (
				FFBEF07C18F3304400006CFE /* VeneficiaTests.m in Sources */,
			);
			runOnlyForDeploymentPostprocessing = 0;
		};
/* End PBXSourcesBuildPhase section */

/* Begin PBXTargetDependency section */
		FFBEF07418F3304400006CFE /* PBXTargetDependency */ = {
			isa = PBXTargetDependency;
			target = FFBEF04218F3304400006CFE /* Veneficia */;
			targetProxy = FFBEF07318F3304400006CFE /* PBXContainerItemProxy */;
		};
/* End PBXTargetDependency section */

/* Begin PBXVariantGroup section */
		FFBEF05118F3304400006CFE /* InfoPlist.strings */ = {
			isa = PBXVariantGroup;
			children = (
				FFBEF05218F3304400006CFE /* en */,
			);
			name = InfoPlist.strings;
			sourceTree = "<group>";
		};
		FFBEF05A18F3304400006CFE /* Main_iPhone.storyboard */ = {
			isa = PBXVariantGroup;
			children = (
				FFBEF05B18F3304400006CFE /* Base */,
			);
			name = Main_iPhone.storyboard;
			sourceTree = "<group>";
		};
		FFBEF05D18F3304400006CFE /* Main_iPad.storyboard */ = {
			isa = PBXVariantGroup;
			children = (
				FFBEF05E18F3304400006CFE /* Base */,
			);
			name = Main_iPad.storyboard;
			sourceTree = "<group>";
		};
		FFBEF07818F3304400006CFE /* InfoPlist.strings */ = {
			isa = PBXVariantGroup;
			children = (
				FFBEF07918F3304400006CFE /* en */,
			);
			name = InfoPlist.strings;
			sourceTree = "<group>";
		};
/* End PBXVariantGroup section */

/* Begin XCBuildConfiguration section */
		FFBEF07D18F3304400006CFE /* Debug */ = {
			isa = XCBuildConfiguration;
			buildSettings = {
				ALWAYS_SEARCH_USER_PATHS = NO;
				CLANG_CXX_LANGUAGE_STANDARD = "gnu++0x";
				CLANG_CXX_LIBRARY = "libc++";
				CLANG_ENABLE_MODULES = YES;
				CLANG_ENABLE_OBJC_ARC = YES;
				CLANG_WARN_BOOL_CONVERSION = YES;
				CLANG_WARN_CONSTANT_CONVERSION = YES;
				CLANG_WARN_DIRECT_OBJC_ISA_USAGE = YES_ERROR;
				CLANG_WARN_EMPTY_BODY = YES;
				CLANG_WARN_ENUM_CONVERSION = YES;
				CLANG_WARN_INT_CONVERSION = YES;
				CLANG_WARN_OBJC_ROOT_CLASS = YES_ERROR;
				CLANG_WARN__DUPLICATE_METHOD_MATCH = YES;
				"CODE_SIGN_IDENTITY[sdk=iphoneos*]" = "iPhone Developer";
				COPY_PHASE_STRIP = NO;
				GCC_C_LANGUAGE_STANDARD = gnu99;
				GCC_DYNAMIC_NO_PIC = NO;
				GCC_OPTIMIZATION_LEVEL = 0;
				GCC_PREPROCESSOR_DEFINITIONS = (
					"DEBUG=1",
					"$(inherited)",
				);
				GCC_SYMBOLS_PRIVATE_EXTERN = NO;
				GCC_WARN_64_TO_32_BIT_CONVERSION = YES;
				GCC_WARN_ABOUT_RETURN_TYPE = YES_ERROR;
				GCC_WARN_UNDECLARED_SELECTOR = YES;
				GCC_WARN_UNINITIALIZED_AUTOS = YES_AGGRESSIVE;
				GCC_WARN_UNUSED_FUNCTION = YES;
				GCC_WARN_UNUSED_VARIABLE = YES;
				IPHONEOS_DEPLOYMENT_TARGET = 7.1;
				ONLY_ACTIVE_ARCH = YES;
				SDKROOT = iphoneos;
				TARGETED_DEVICE_FAMILY = "1,2";
			};
			name = Debug;
		};
		FFBEF07E18F3304400006CFE /* Release */ = {
			isa = XCBuildConfiguration;
			buildSettings = {
				ALWAYS_SEARCH_USER_PATHS = NO;
				CLANG_CXX_LANGUAGE_STANDARD = "gnu++0x";
				CLANG_CXX_LIBRARY = "libc++";
				CLANG_ENABLE_MODULES = YES;
				CLANG_ENABLE_OBJC_ARC = YES;
				CLANG_WARN_BOOL_CONVERSION = YES;
				CLANG_WARN_CONSTANT_CONVERSION = YES;
				CLANG_WARN_DIRECT_OBJC_ISA_USAGE = YES_ERROR;
				CLANG_WARN_EMPTY_BODY = YES;
				CLANG_WARN_ENUM_CONVERSION = YES;
				CLANG_WARN_INT_CONVERSION = YES;
				CLANG_WARN_OBJC_ROOT_CLASS = YES_ERROR;
				CLANG_WARN__DUPLICATE_METHOD_MATCH = YES;
				"CODE_SIGN_IDENTITY[sdk=iphoneos*]" = "iPhone Developer";
				COPY_PHASE_STRIP = YES;
				ENABLE_NS_ASSERTIONS = NO;
				GCC_C_LANGUAGE_STANDARD = gnu99;
				GCC_WARN_64_TO_32_BIT_CONVERSION = YES;
				GCC_WARN_ABOUT_RETURN_TYPE = YES_ERROR;
				GCC_WARN_UNDECLARED_SELECTOR = YES;
				GCC_WARN_UNINITIALIZED_AUTOS = YES_AGGRESSIVE;
				GCC_WARN_UNUSED_FUNCTION = YES;
				GCC_WARN_UNUSED_VARIABLE = YES;
				IPHONEOS_DEPLOYMENT_TARGET = 7.1;
				SDKROOT = iphoneos;
				TARGETED_DEVICE_FAMILY = "1,2";
				VALIDATE_PRODUCT = YES;
			};
			name = Release;
		};
		FFBEF08018F3304400006CFE /* Debug */ = {
			isa = XCBuildConfiguration;
			buildSettings = {
				ASSETCATALOG_COMPILER_APPICON_NAME = AppIcon;
				ASSETCATALOG_COMPILER_LAUNCHIMAGE_NAME = LaunchImage;
				GCC_PRECOMPILE_PREFIX_HEADER = YES;
				GCC_PREFIX_HEADER = "Veneficia/Veneficia-Prefix.pch";
				INFOPLIST_FILE = "Veneficia/Veneficia-Info.plist";
				PRODUCT_NAME = "$(TARGET_NAME)";
				SPRITEKIT_TEXTURE_ATLAS_OUTPUT = YES;
				TARGETED_DEVICE_FAMILY = "1,2";
				WRAPPER_EXTENSION = app;
			};
			name = Debug;
		};
		FFBEF08118F3304400006CFE /* Release */ = {
			isa = XCBuildConfiguration;
			buildSettings = {
				ASSETCATALOG_COMPILER_APPICON_NAME = AppIcon;
				ASSETCATALOG_COMPILER_LAUNCHIMAGE_NAME = LaunchImage;
				GCC_PRECOMPILE_PREFIX_HEADER = YES;
				GCC_PREFIX_HEADER = "Veneficia/Veneficia-Prefix.pch";
				INFOPLIST_FILE = "Veneficia/Veneficia-Info.plist";
				PRODUCT_NAME = "$(TARGET_NAME)";
				SPRITEKIT_TEXTURE_ATLAS_OUTPUT = YES;
				TARGETED_DEVICE_FAMILY = "1,2";
				WRAPPER_EXTENSION = app;
			};
			name = Release;
		};
		FFBEF08318F3304400006CFE /* Debug */ = {
			isa = XCBuildConfiguration;
			buildSettings = {
				BUNDLE_LOADER = "$(BUILT_PRODUCTS_DIR)/Veneficia.app/Veneficia";
				FRAMEWORK_SEARCH_PATHS = (
					"$(SDKROOT)/Developer/Library/Frameworks",
					"$(inherited)",
					"$(DEVELOPER_FRAMEWORKS_DIR)",
				);
				GCC_PRECOMPILE_PREFIX_HEADER = YES;
				GCC_PREFIX_HEADER = "Veneficia/Veneficia-Prefix.pch";
				GCC_PREPROCESSOR_DEFINITIONS = (
					"DEBUG=1",
					"$(inherited)",
				);
				INFOPLIST_FILE = "VeneficiaTests/VeneficiaTests-Info.plist";
				PRODUCT_NAME = "$(TARGET_NAME)";
				TEST_HOST = "$(BUNDLE_LOADER)";
				WRAPPER_EXTENSION = xctest;
			};
			name = Debug;
		};
		FFBEF08418F3304400006CFE /* Release */ = {
			isa = XCBuildConfiguration;
			buildSettings = {
				BUNDLE_LOADER = "$(BUILT_PRODUCTS_DIR)/Veneficia.app/Veneficia";
				FRAMEWORK_SEARCH_PATHS = (
					"$(SDKROOT)/Developer/Library/Frameworks",
					"$(inherited)",
					"$(DEVELOPER_FRAMEWORKS_DIR)",
				);
				GCC_PRECOMPILE_PREFIX_HEADER = YES;
				GCC_PREFIX_HEADER = "Veneficia/Veneficia-Prefix.pch";
				INFOPLIST_FILE = "VeneficiaTests/VeneficiaTests-Info.plist";
				PRODUCT_NAME = "$(TARGET_NAME)";
				TEST_HOST = "$(BUNDLE_LOADER)";
				WRAPPER_EXTENSION = xctest;
			};
			name = Release;
		};
/* End XCBuildConfiguration section */

/* Begin XCConfigurationList section */
		FFBEF03E18F3304400006CFE /* Build configuration list for PBXProject "Veneficia" */ = {
			isa = XCConfigurationList;
			buildConfigurations = (
				FFBEF07D18F3304400006CFE /* Debug */,
				FFBEF07E18F3304400006CFE /* Release */,
			);
			defaultConfigurationIsVisible = 0;
			defaultConfigurationName = Release;
		};
		FFBEF07F18F3304400006CFE /* Build configuration list for PBXNativeTarget "Veneficia" */ = {
			isa = XCConfigurationList;
			buildConfigurations = (
				FFBEF08018F3304400006CFE /* Debug */,
				FFBEF08118F3304400006CFE /* Release */,
			);
			defaultConfigurationIsVisible = 0;
			defaultConfigurationName = Release;
		};
		FFBEF08218F3304400006CFE /* Build configuration list for PBXNativeTarget "VeneficiaTests" */ = {
			isa = XCConfigurationList;
			buildConfigurations = (
				FFBEF08318F3304400006CFE /* Debug */,
				FFBEF08418F3304400006CFE /* Release */,
			);
			defaultConfigurationIsVisible = 0;
			defaultConfigurationName = Release;
		};
/* End XCConfigurationList section */
	};
	rootObject = FFBEF03B18F3304400006CFE /* Project object */;
}
